
Microsoft Visual Studio Solution File, Format Version 12.00
# Visual Studio Version 17
VisualStudioVersion = 17.14.36511.14 d17.14
MinimumVisualStudioVersion = 10.0.40219.1
Project("{FAE04EC0-301F-11D3-BF4B-00C04F79EFBC}") = "EmployeeManagement_System", "EmployeeManagement_System\EmployeeManagement_System.csproj", "{3C7F8E2E-3DD4-4E7B-96EC-E961680156CC}"
EndProject
Global
	GlobalSection(SolutionConfigurationPlatforms) = preSolution
		Debug|Any CPU = Debug|Any CPU
		Release|Any CPU = Release|Any CPU
	EndGlobalSection
	GlobalSection(ProjectConfigurationPlatforms) = postSolution
		{3C7F8E2E-3DD4-4E7B-96EC-E961680156CC}.Debug|Any CPU.ActiveCfg = Debug|Any CPU
		{3C7F8E2E-3DD4-4E7B-96EC-E961680156CC}.Debug|Any CPU.Build.0 = Debug|Any CPU
		{3C7F8E2E-3DD4-4E7B-96EC-E961680156CC}.Release|Any CPU.ActiveCfg = Release|Any CPU
		{3C7F8E2E-3DD4-4E7B-96EC-E961680156CC}.Release|Any CPU.Build.0 = Release|Any CPU
	EndGlobalSection
	GlobalSection(SolutionProperties) = preSolution
		HideSolutionNode = FALSE
	EndGlobalSection
	GlobalSection(ExtensibilityGlobals) = postSolution
		SolutionGuid = {296010A9-64F2-452C-A5C2-CCE3447AC291}
	EndGlobalSection
EndGlobal
